
Microsoft Visual Studio Solution File, Format Version 12.00
# Visual Studio 15
VisualStudioVersion = 15.0.27130.2036
MinimumVisualStudioVersion = 10.0.40219.1
Project("{FAE04EC0-301F-11D3-BF4B-00C04F79EFBC}") = "Web", "Web\Web.csproj", "{C787A814-DC2C-420A-8C14-86F8FC5021F2}"
EndProject
Project("{FAE04EC0-301F-11D3-BF4B-00C04F79EFBC}") = "Web.Tests", "Web.Tests\Web.Tests.csproj", "{CE3630FF-20C9-4243-8DD0-B7D4E1B3EBBB}"
EndProject
Project("{FAE04EC0-301F-11D3-BF4B-00C04F79EFBC}") = "Domain", "Domain\Domain.csproj", "{2589CAD9-8BFB-4BDA-83CF-219958943B0A}"
EndProject
Project("{FAE04EC0-301F-11D3-BF4B-00C04F79EFBC}") = "DAL", "DAL\DAL.csproj", "{DABC0D46-FEDC-4565-BC3F-CEACCE0DF112}"
EndProject
Project("{FAE04EC0-301F-11D3-BF4B-00C04F79EFBC}") = "BLL", "BLL\BLL.csproj", "{A5962B9B-58F2-48A3-9CDD-097720470F11}"
EndProject
Project("{FAE04EC0-301F-11D3-BF4B-00C04F79EFBC}") = "IFL.EventBus", "IFL\IFL.EventBus.csproj", "{57D83D36-16D4-40AE-BF90-B4EEB53FF204}"
EndProject
Project("{FAE04EC0-301F-11D3-BF4B-00C04F79EFBC}") = "BLL.DTO", "BLL.DTO\BLL.DTO.csproj", "{CE39B71E-2379-412A-A5A3-9F6C5313A300}"
EndProject
Project("{FAE04EC0-301F-11D3-BF4B-00C04F79EFBC}") = "IFL.DI", "IFL.Infrastructure\IFL.DI.csproj", "{4C613DE1-3100-498E-9860-39110895E721}"
EndProject
Project("{2150E333-8FDC-42A3-9474-1A3956D46DE8}") = "IFL", "IFL", "{B7320883-EBE0-4076-8700-FD06A5684F1A}"
EndProject
Project("{FAE04EC0-301F-11D3-BF4B-00C04F79EFBC}") = "IFL.Mapping", "IFL.Mapping\IFL.Mapping.csproj", "{3C3F53F8-C4C5-49C1-8B70-B07CF8178B15}"
EndProject
Project("{2150E333-8FDC-42A3-9474-1A3956D46DE8}") = "BLLLayer", "BLLLayer", "{30DE69AC-01BD-483B-8E5A-E253D46E089F}"
EndProject
Project("{FAE04EC0-301F-11D3-BF4B-00C04F79EFBC}") = "IFL.Initializer", "IFL.Initializer\IFL.Initializer.csproj", "{41E37AC0-3543-4050-B625-A9E79A9988C2}"
EndProject
Global
	GlobalSection(SolutionConfigurationPlatforms) = preSolution
		Debug|Any CPU = Debug|Any CPU
		Release|Any CPU = Release|Any CPU
	EndGlobalSection
	GlobalSection(ProjectConfigurationPlatforms) = postSolution
		{C787A814-DC2C-420A-8C14-86F8FC5021F2}.Debug|Any CPU.ActiveCfg = Debug|Any CPU
		{C787A814-DC2C-420A-8C14-86F8FC5021F2}.Debug|Any CPU.Build.0 = Debug|Any CPU
		{C787A814-DC2C-420A-8C14-86F8FC5021F2}.Release|Any CPU.ActiveCfg = Release|Any CPU
		{C787A814-DC2C-420A-8C14-86F8FC5021F2}.Release|Any CPU.Build.0 = Release|Any CPU
		{CE3630FF-20C9-4243-8DD0-B7D4E1B3EBBB}.Debug|Any CPU.ActiveCfg = Debug|Any CPU
		{CE3630FF-20C9-4243-8DD0-B7D4E1B3EBBB}.Debug|Any CPU.Build.0 = Debug|Any CPU
		{CE3630FF-20C9-4243-8DD0-B7D4E1B3EBBB}.Release|Any CPU.ActiveCfg = Release|Any CPU
		{CE3630FF-20C9-4243-8DD0-B7D4E1B3EBBB}.Release|Any CPU.Build.0 = Release|Any CPU
		{2589CAD9-8BFB-4BDA-83CF-219958943B0A}.Debug|Any CPU.ActiveCfg = Debug|Any CPU
		{2589CAD9-8BFB-4BDA-83CF-219958943B0A}.Debug|Any CPU.Build.0 = Debug|Any CPU
		{2589CAD9-8BFB-4BDA-83CF-219958943B0A}.Release|Any CPU.ActiveCfg = Release|Any CPU
		{2589CAD9-8BFB-4BDA-83CF-219958943B0A}.Release|Any CPU.Build.0 = Release|Any CPU
		{DABC0D46-FEDC-4565-BC3F-CEACCE0DF112}.Debug|Any CPU.ActiveCfg = Debug|Any CPU
		{DABC0D46-FEDC-4565-BC3F-CEACCE0DF112}.Debug|Any CPU.Build.0 = Debug|Any CPU
		{DABC0D46-FEDC-4565-BC3F-CEACCE0DF112}.Release|Any CPU.ActiveCfg = Release|Any CPU
		{DABC0D46-FEDC-4565-BC3F-CEACCE0DF112}.Release|Any CPU.Build.0 = Release|Any CPU
		{A5962B9B-58F2-48A3-9CDD-097720470F11}.Debug|Any CPU.ActiveCfg = Debug|Any CPU
		{A5962B9B-58F2-48A3-9CDD-097720470F11}.Debug|Any CPU.Build.0 = Debug|Any CPU
		{A5962B9B-58F2-48A3-9CDD-097720470F11}.Release|Any CPU.ActiveCfg = Release|Any CPU
		{A5962B9B-58F2-48A3-9CDD-097720470F11}.Release|Any CPU.Build.0 = Release|Any CPU
		{57D83D36-16D4-40AE-BF90-B4EEB53FF204}.Debug|Any CPU.ActiveCfg = Debug|Any CPU
		{57D83D36-16D4-40AE-BF90-B4EEB53FF204}.Debug|Any CPU.Build.0 = Debug|Any CPU
		{57D83D36-16D4-40AE-BF90-B4EEB53FF204}.Release|Any CPU.ActiveCfg = Release|Any CPU
		{57D83D36-16D4-40AE-BF90-B4EEB53FF204}.Release|Any CPU.Build.0 = Release|Any CPU
		{CE39B71E-2379-412A-A5A3-9F6C5313A300}.Debug|Any CPU.ActiveCfg = Debug|Any CPU
		{CE39B71E-2379-412A-A5A3-9F6C5313A300}.Debug|Any CPU.Build.0 = Debug|Any CPU
		{CE39B71E-2379-412A-A5A3-9F6C5313A300}.Release|Any CPU.ActiveCfg = Release|Any CPU
		{CE39B71E-2379-412A-A5A3-9F6C5313A300}.Release|Any CPU.Build.0 = Release|Any CPU
		{4C613DE1-3100-498E-9860-39110895E721}.Debug|Any CPU.ActiveCfg = Debug|Any CPU
		{4C613DE1-3100-498E-9860-39110895E721}.Debug|Any CPU.Build.0 = Debug|Any CPU
		{4C613DE1-3100-498E-9860-39110895E721}.Release|Any CPU.ActiveCfg = Release|Any CPU
		{4C613DE1-3100-498E-9860-39110895E721}.Release|Any CPU.Build.0 = Release|Any CPU
		{3C3F53F8-C4C5-49C1-8B70-B07CF8178B15}.Debug|Any CPU.ActiveCfg = Debug|Any CPU
		{3C3F53F8-C4C5-49C1-8B70-B07CF8178B15}.Debug|Any CPU.Build.0 = Debug|Any CPU
		{3C3F53F8-C4C5-49C1-8B70-B07CF8178B15}.Release|Any CPU.ActiveCfg = Release|Any CPU
		{3C3F53F8-C4C5-49C1-8B70-B07CF8178B15}.Release|Any CPU.Build.0 = Release|Any CPU
		{41E37AC0-3543-4050-B625-A9E79A9988C2}.Debug|Any CPU.ActiveCfg = Debug|Any CPU
		{41E37AC0-3543-4050-B625-A9E79A9988C2}.Debug|Any CPU.Build.0 = Debug|Any CPU
		{41E37AC0-3543-4050-B625-A9E79A9988C2}.Release|Any CPU.ActiveCfg = Release|Any CPU
		{41E37AC0-3543-4050-B625-A9E79A9988C2}.Release|Any CPU.Build.0 = Release|Any CPU
	EndGlobalSection
	GlobalSection(SolutionProperties) = preSolution
		HideSolutionNode = FALSE
	EndGlobalSection
	GlobalSection(NestedProjects) = preSolution
		{A5962B9B-58F2-48A3-9CDD-097720470F11} = {30DE69AC-01BD-483B-8E5A-E253D46E089F}
		{57D83D36-16D4-40AE-BF90-B4EEB53FF204} = {B7320883-EBE0-4076-8700-FD06A5684F1A}
		{CE39B71E-2379-412A-A5A3-9F6C5313A300} = {30DE69AC-01BD-483B-8E5A-E253D46E089F}
		{4C613DE1-3100-498E-9860-39110895E721} = {B7320883-EBE0-4076-8700-FD06A5684F1A}
		{3C3F53F8-C4C5-49C1-8B70-B07CF8178B15} = {B7320883-EBE0-4076-8700-FD06A5684F1A}
		{41E37AC0-3543-4050-B625-A9E79A9988C2} = {B7320883-EBE0-4076-8700-FD06A5684F1A}
	EndGlobalSection
	GlobalSection(ExtensibilityGlobals) = postSolution
		SolutionGuid = {253F799E-8E92-44B0-9AFF-A768CBB5ABF3}
	EndGlobalSection
EndGlobal
